// !$*UTF8*$!
{
	archiveVersion = 1;
	classes = {
	};
	objectVersion = 46;
	objects = {

/* Begin PBXBuildFile section */
		4227C36A1CB8B2DE00EFB084 /* UIWebView+OTEditableWebView.m in Sources */ = {isa = PBXBuildFile; fileRef = 4227C3691CB8B2DE00EFB084 /* UIWebView+OTEditableWebView.m */; };
		4227C36F1CB8B36C00EFB084 /* WKWebView+OTEditableWebView.m in Sources */ = {isa = PBXBuildFile; fileRef = 4227C36E1CB8B36C00EFB084 /* WKWebView+OTEditableWebView.m */; };
		4227C3711CB8B3AC00EFB084 /* JavaScriptCore.framework in Frameworks */ = {isa = PBXBuildFile; fileRef = 4227C3701CB8B3AC00EFB084 /* JavaScriptCore.framework */; };
		4227C3731CB8B3B000EFB084 /* WebKit.framework in Frameworks */ = {isa = PBXBuildFile; fileRef = 4227C3721CB8B3B000EFB084 /* WebKit.framework */; };
		4227C3761CB8B8D600EFB084 /* WKWebViewDemoViewController.m in Sources */ = {isa = PBXBuildFile; fileRef = 4227C3751CB8B8D600EFB084 /* WKWebViewDemoViewController.m */; };
		4227C3891CB9057900EFB084 /* OTWebKitObjectConverter.m in Sources */ = {isa = PBXBuildFile; fileRef = 4227C3881CB9057900EFB084 /* OTWebKitObjectConverter.m */; };
		42EDAE811CAD2C0E0016E0FD /* main.m in Sources */ = {isa = PBXBuildFile; fileRef = 42EDAE801CAD2C0E0016E0FD /* main.m */; };
		42EDAE841CAD2C0E0016E0FD /* AppDelegate.m in Sources */ = {isa = PBXBuildFile; fileRef = 42EDAE831CAD2C0E0016E0FD /* AppDelegate.m */; };
		42EDAE871CAD2C0E0016E0FD /* UIWebViewDemoViewController.m in Sources */ = {isa = PBXBuildFile; fileRef = 42EDAE861CAD2C0E0016E0FD /* UIWebViewDemoViewController.m */; };
		42EDAE8C1CAD2C0E0016E0FD /* Assets.xcassets in Resources */ = {isa = PBXBuildFile; fileRef = 42EDAE8B1CAD2C0E0016E0FD /* Assets.xcassets */; };
		42EDAE8F1CAD2C0E0016E0FD /* LaunchScreen.storyboard in Resources */ = {isa = PBXBuildFile; fileRef = 42EDAE8D1CAD2C0E0016E0FD /* LaunchScreen.storyboard */; };
/* End PBXBuildFile section */

/* Begin PBXFileReference section */
		4227C3681CB8B2DE00EFB084 /* UIWebView+OTEditableWebView.h */ = {isa = PBXFileReference; fileEncoding = 4; lastKnownFileType = sourcecode.c.h; path = "UIWebView+OTEditableWebView.h"; sourceTree = "<group>"; };
		4227C3691CB8B2DE00EFB084 /* UIWebView+OTEditableWebView.m */ = {isa = PBXFileReference; fileEncoding = 4; lastKnownFileType = sourcecode.c.objc; path = "UIWebView+OTEditableWebView.m"; sourceTree = "<group>"; };
		4227C36B1CB8B2F200EFB084 /* OTEditableWebViewProtocol.h */ = {isa = PBXFileReference; fileEncoding = 4; lastKnownFileType = sourcecode.c.h; path = OTEditableWebViewProtocol.h; sourceTree = "<group>"; };
		4227C36D1CB8B36C00EFB084 /* WKWebView+OTEditableWebView.h */ = {isa = PBXFileReference; fileEncoding = 4; lastKnownFileType = sourcecode.c.h; path = "WKWebView+OTEditableWebView.h"; sourceTree = "<group>"; };
		4227C36E1CB8B36C00EFB084 /* WKWebView+OTEditableWebView.m */ = {isa = PBXFileReference; fileEncoding = 4; lastKnownFileType = sourcecode.c.objc; path = "WKWebView+OTEditableWebView.m"; sourceTree = "<group>"; };
		4227C3701CB8B3AC00EFB084 /* JavaScriptCore.framework */ = {isa = PBXFileReference; lastKnownFileType = wrapper.framework; name = JavaScriptCore.framework; path = System/Library/Frameworks/JavaScriptCore.framework; sourceTree = SDKROOT; };
		4227C3721CB8B3B000EFB084 /* WebKit.framework */ = {isa = PBXFileReference; lastKnownFileType = wrapper.framework; name = WebKit.framework; path = System/Library/Frameworks/WebKit.framework; sourceTree = SDKROOT; };
		4227C3741CB8B8D600EFB084 /* WKWebViewDemoViewController.h */ = {isa = PBXFileReference; fileEncoding = 4; lastKnownFileType = sourcecode.c.h; path = WKWebViewDemoViewController.h; sourceTree = "<group>"; };
		4227C3751CB8B8D600EFB084 /* WKWebViewDemoViewController.m */ = {isa = PBXFileReference; fileEncoding = 4; lastKnownFileType = sourcecode.c.objc; path = WKWebViewDemoViewController.m; sourceTree = "<group>"; };
		4227C3871CB9057900EFB084 /* OTWebKitObjectConverter.h */ = {isa = PBXFileReference; fileEncoding = 4; lastKnownFileType = sourcecode.c.h; path = OTWebKitObjectConverter.h; sourceTree = "<group>"; };
		4227C3881CB9057900EFB084 /* OTWebKitObjectConverter.m */ = {isa = PBXFileReference; fileEncoding = 4; lastKnownFileType = sourcecode.c.objc; path = OTWebKitObjectConverter.m; sourceTree = "<group>"; };
		42EDAE7C1CAD2C0E0016E0FD /* OTEditableWebViewDemo.app */ = {isa = PBXFileReference; explicitFileType = wrapper.application; includeInIndex = 0; path = OTEditableWebViewDemo.app; sourceTree = BUILT_PRODUCTS_DIR; };
		42EDAE801CAD2C0E0016E0FD /* main.m */ = {isa = PBXFileReference; lastKnownFileType = sourcecode.c.objc; path = main.m; sourceTree = "<group>"; };
		42EDAE821CAD2C0E0016E0FD /* AppDelegate.h */ = {isa = PBXFileReference; lastKnownFileType = sourcecode.c.h; path = AppDelegate.h; sourceTree = "<group>"; };
		42EDAE831CAD2C0E0016E0FD /* AppDelegate.m */ = {isa = PBXFileReference; lastKnownFileType = sourcecode.c.objc; path = AppDelegate.m; sourceTree = "<group>"; };
		42EDAE851CAD2C0E0016E0FD /* UIWebViewDemoViewController.h */ = {isa = PBXFileReference; lastKnownFileType = sourcecode.c.h; path = UIWebViewDemoViewController.h; sourceTree = "<group>"; };
		42EDAE861CAD2C0E0016E0FD /* UIWebViewDemoViewController.m */ = {isa = PBXFileReference; lastKnownFileType = sourcecode.c.objc; path = UIWebViewDemoViewController.m; sourceTree = "<group>"; };
		42EDAE8B1CAD2C0E0016E0FD /* Assets.xcassets */ = {isa = PBXFileReference; lastKnownFileType = folder.assetcatalog; path = Assets.xcassets; sourceTree = "<group>"; };
		42EDAE8E1CAD2C0E0016E0FD /* Base */ = {isa = PBXFileReference; lastKnownFileType = file.storyboard; name = Base; path = Base.lproj/LaunchScreen.storyboard; sourceTree = "<group>"; };
		42EDAE901CAD2C0E0016E0FD /* Info.plist */ = {isa = PBXFileReference; lastKnownFileType = text.plist.xml; path = Info.plist; sourceTree = "<group>"; };
/* End PBXFileReference section */

/* Begin PBXFrameworksBuildPhase section */
		42EDAE791CAD2C0E0016E0FD /* Frameworks */ = {
			isa = PBXFrameworksBuildPhase;
			buildActionMask = 2147483647;
			files = (
				4227C3731CB8B3B000EFB084 /* WebKit.framework in Frameworks */,
				4227C3711CB8B3AC00EFB084 /* JavaScriptCore.framework in Frameworks */,
			);
			runOnlyForDeploymentPostprocessing = 0;
		};
/* End PBXFrameworksBuildPhase section */

/* Begin PBXGroup section */
		4227C3671CB8B2DE00EFB084 /* UIWebView+OTEditableWebView */ = {
			isa = PBXGroup;
			children = (
				4227C3681CB8B2DE00EFB084 /* UIWebView+OTEditableWebView.h */,
				4227C3691CB8B2DE00EFB084 /* UIWebView+OTEditableWebView.m */,
			);
			path = "UIWebView+OTEditableWebView";
			sourceTree = "<group>";
		};
		4227C36C1CB8B35600EFB084 /* WKWebView+OTEditableWebView */ = {
			isa = PBXGroup;
			children = (
				4227C36D1CB8B36C00EFB084 /* WKWebView+OTEditableWebView.h */,
				4227C36E1CB8B36C00EFB084 /* WKWebView+OTEditableWebView.m */,
			);
			path = "WKWebView+OTEditableWebView";
			sourceTree = "<group>";
		};
		4227C3861CB9057900EFB084 /* OTWebKitObjectConverter */ = {
			isa = PBXGroup;
			children = (
				4227C3871CB9057900EFB084 /* OTWebKitObjectConverter.h */,
				4227C3881CB9057900EFB084 /* OTWebKitObjectConverter.m */,
			);
			path = OTWebKitObjectConverter;
			sourceTree = "<group>";
		};
		42EDAE731CAD2C0E0016E0FD = {
			isa = PBXGroup;
			children = (
				4227C3721CB8B3B000EFB084 /* WebKit.framework */,
				4227C3701CB8B3AC00EFB084 /* JavaScriptCore.framework */,
				42EDAE961CAD2C260016E0FD /* OTEditableWebView */,
				42EDAE7E1CAD2C0E0016E0FD /* OTEditableWebViewDemo */,
				42EDAE7D1CAD2C0E0016E0FD /* Products */,
			);
			sourceTree = "<group>";
		};
		42EDAE7D1CAD2C0E0016E0FD /* Products */ = {
			isa = PBXGroup;
			children = (
				42EDAE7C1CAD2C0E0016E0FD /* OTEditableWebViewDemo.app */,
			);
			name = Products;
			sourceTree = "<group>";
		};
		42EDAE7E1CAD2C0E0016E0FD /* OTEditableWebViewDemo */ = {
			isa = PBXGroup;
			children = (
				42EDAE821CAD2C0E0016E0FD /* AppDelegate.h */,
				42EDAE831CAD2C0E0016E0FD /* AppDelegate.m */,
				42EDAE851CAD2C0E0016E0FD /* UIWebViewDemoViewController.h */,
				42EDAE861CAD2C0E0016E0FD /* UIWebViewDemoViewController.m */,
				4227C3741CB8B8D600EFB084 /* WKWebViewDemoViewController.h */,
				4227C3751CB8B8D600EFB084 /* WKWebViewDemoViewController.m */,
				42EDAE8B1CAD2C0E0016E0FD /* Assets.xcassets */,
				42EDAE8D1CAD2C0E0016E0FD /* LaunchScreen.storyboard */,
				42EDAE901CAD2C0E0016E0FD /* Info.plist */,
				42EDAE7F1CAD2C0E0016E0FD /* Supporting Files */,
			);
			path = OTEditableWebViewDemo;
			sourceTree = "<group>";
		};
		42EDAE7F1CAD2C0E0016E0FD /* Supporting Files */ = {
			isa = PBXGroup;
			children = (
				42EDAE801CAD2C0E0016E0FD /* main.m */,
			);
			name = "Supporting Files";
			sourceTree = "<group>";
		};
		42EDAE961CAD2C260016E0FD /* OTEditableWebView */ = {
			isa = PBXGroup;
			children = (
				4227C36B1CB8B2F200EFB084 /* OTEditableWebViewProtocol.h */,
				4227C3861CB9057900EFB084 /* OTWebKitObjectConverter */,
				4227C36C1CB8B35600EFB084 /* WKWebView+OTEditableWebView */,
				4227C3671CB8B2DE00EFB084 /* UIWebView+OTEditableWebView */,
			);
			path = OTEditableWebView;
			sourceTree = "<group>";
		};
/* End PBXGroup section */

/* Begin PBXNativeTarget section */
		42EDAE7B1CAD2C0E0016E0FD /* OTEditableWebViewDemo */ = {
			isa = PBXNativeTarget;
			buildConfigurationList = 42EDAE931CAD2C0E0016E0FD /* Build configuration list for PBXNativeTarget "OTEditableWebViewDemo" */;
			buildPhases = (
				42EDAE781CAD2C0E0016E0FD /* Sources */,
				42EDAE791CAD2C0E0016E0FD /* Frameworks */,
				42EDAE7A1CAD2C0E0016E0FD /* Resources */,
			);
			buildRules = (
			);
			dependencies = (
			);
			name = OTEditableWebViewDemo;
			productName = OTEditableWebViewDemo;
			productReference = 42EDAE7C1CAD2C0E0016E0FD /* OTEditableWebViewDemo.app */;
			productType = "com.apple.product-type.application";
		};
/* End PBXNativeTarget section */

/* Begin PBXProject section */
		42EDAE741CAD2C0E0016E0FD /* Project object */ = {
			isa = PBXProject;
			attributes = {
				LastUpgradeCheck = 0720;
				ORGANIZATIONNAME = openthread;
				TargetAttributes = {
					42EDAE7B1CAD2C0E0016E0FD = {
						CreatedOnToolsVersion = 7.2;
					};
				};
			};
			buildConfigurationList = 42EDAE771CAD2C0E0016E0FD /* Build configuration list for PBXProject "OTEditableWebViewDemo" */;
			compatibilityVersion = "Xcode 3.2";
			developmentRegion = English;
			hasScannedForEncodings = 0;
			knownRegions = (
				en,
				Base,
			);
			mainGroup = 42EDAE731CAD2C0E0016E0FD;
			productRefGroup = 42EDAE7D1CAD2C0E0016E0FD /* Products */;
			projectDirPath = "";
			projectRoot = "";
			targets = (
				42EDAE7B1CAD2C0E0016E0FD /* OTEditableWebViewDemo */,
			);
		};
/* End PBXProject section */

/* Begin PBXResourcesBuildPhase section */
		42EDAE7A1CAD2C0E0016E0FD /* Resources */ = {
			isa = PBXResourcesBuildPhase;
			buildActionMask = 2147483647;
			files = (
				42EDAE8F1CAD2C0E0016E0FD /* LaunchScreen.storyboard in Resources */,
				42EDAE8C1CAD2C0E0016E0FD /* Assets.xcassets in Resources */,
			);
			runOnlyForDeploymentPostprocessing = 0;
		};
/* End PBXResourcesBuildPhase section */

/* Begin PBXSourcesBuildPhase section */
		42EDAE781CAD2C0E0016E0FD /* Sources */ = {
			isa = PBXSourcesBuildPhase;
			buildActionMask = 2147483647;
			files = (
				42EDAE871CAD2C0E0016E0FD /* UIWebViewDemoViewController.m in Sources */,
				4227C36F1CB8B36C00EFB084 /* WKWebView+OTEditableWebView.m in Sources */,
				42EDAE841CAD2C0E0016E0FD /* AppDelegate.m in Sources */,
				4227C36A1CB8B2DE00EFB084 /* UIWebView+OTEditableWebView.m in Sources */,
				42EDAE811CAD2C0E0016E0FD /* main.m in Sources */,
				4227C3761CB8B8D600EFB084 /* WKWebViewDemoViewController.m in Sources */,
				4227C3891CB9057900EFB084 /* OTWebKitObjectConverter.m in Sources */,
			);
			runOnlyForDeploymentPostprocessing = 0;
		};
/* End PBXSourcesBuildPhase section */

/* Begin PBXVariantGroup section */
		42EDAE8D1CAD2C0E0016E0FD /* LaunchScreen.storyboard */ = {
			isa = PBXVariantGroup;
			children = (
				42EDAE8E1CAD2C0E0016E0FD /* Base */,
			);
			name = LaunchScreen.storyboard;
			sourceTree = "<group>";
		};
/* End PBXVariantGroup section */

/* Begin XCBuildConfiguration section */
		42EDAE911CAD2C0E0016E0FD /* Debug */ = {
			isa = XCBuildConfiguration;
			buildSettings = {
				ALWAYS_SEARCH_USER_PATHS = NO;
				CLANG_CXX_LANGUAGE_STANDARD = "gnu++0x";
				CLANG_CXX_LIBRARY = "libc++";
				CLANG_ENABLE_MODULES = YES;
				CLANG_ENABLE_OBJC_ARC = YES;
				CLANG_WARN_BOOL_CONVERSION = YES;
				CLANG_WARN_CONSTANT_CONVERSION = YES;
				CLANG_WARN_DIRECT_OBJC_ISA_USAGE = YES_ERROR;
				CLANG_WARN_EMPTY_BODY = YES;
				CLANG_WARN_ENUM_CONVERSION = YES;
				CLANG_WARN_INT_CONVERSION = YES;
				CLANG_WARN_OBJC_ROOT_CLASS = YES_ERROR;
				CLANG_WARN_UNREACHABLE_CODE = YES;
				CLANG_WARN__DUPLICATE_METHOD_MATCH = YES;
				"CODE_SIGN_IDENTITY[sdk=iphoneos*]" = "iPhone Developer";
				COPY_PHASE_STRIP = NO;
				DEBUG_INFORMATION_FORMAT = dwarf;
				ENABLE_STRICT_OBJC_MSGSEND = YES;
				ENABLE_TESTABILITY = YES;
				GCC_C_LANGUAGE_STANDARD = gnu99;
				GCC_DYNAMIC_NO_PIC = NO;
				GCC_NO_COMMON_BLOCKS = YES;
				GCC_OPTIMIZATION_LEVEL = 0;
				GCC_PREPROCESSOR_DEFINITIONS = (
					"DEBUG=1",
					"$(inherited)",
				);
				GCC_WARN_64_TO_32_BIT_CONVERSION = YES;
				GCC_WARN_ABOUT_RETURN_TYPE = YES_ERROR;
				GCC_WARN_UNDECLARED_SELECTOR = YES;
				GCC_WARN_UNINITIALIZED_AUTOS = YES_AGGRESSIVE;
				GCC_WARN_UNUSED_FUNCTION = YES;
				GCC_WARN_UNUSED_VARIABLE = YES;
				IPHONEOS_DEPLOYMENT_TARGET = 9.2;
				MTL_ENABLE_DEBUG_INFO = YES;
				ONLY_ACTIVE_ARCH = YES;
				SDKROOT = iphoneos;
			};
			name = Debug;
		};
		42EDAE921CAD2C0E0016E0FD /* Release */ = {
			isa = XCBuildConfiguration;
			buildSettings = {
				ALWAYS_SEARCH_USER_PATHS = NO;
				CLANG_CXX_LANGUAGE_STANDARD = "gnu++0x";
				CLANG_CXX_LIBRARY = "libc++";
				CLANG_ENABLE_MODULES = YES;
				CLANG_ENABLE_OBJC_ARC = YES;
				CLANG_WARN_BOOL_CONVERSION = YES;
				CLANG_WARN_CONSTANT_CONVERSION = YES;
				CLANG_WARN_DIRECT_OBJC_ISA_USAGE = YES_ERROR;
				CLANG_WARN_EMPTY_BODY = YES;
				CLANG_WARN_ENUM_CONVERSION = YES;
				CLANG_WARN_INT_CONVERSION = YES;
				CLANG_WARN_OBJC_ROOT_CLASS = YES_ERROR;
				CLANG_WARN_UNREACHABLE_CODE = YES;
				CLANG_WARN__DUPLICATE_METHOD_MATCH = YES;
				"CODE_SIGN_IDENTITY[sdk=iphoneos*]" = "iPhone Developer";
				COPY_PHASE_STRIP = NO;
				DEBUG_INFORMATION_FORMAT = "dwarf-with-dsym";
				ENABLE_NS_ASSERTIONS = NO;
				ENABLE_STRICT_OBJC_MSGSEND = YES;
				GCC_C_LANGUAGE_STANDARD = gnu99;
				GCC_NO_COMMON_BLOCKS = YES;
				GCC_WARN_64_TO_32_BIT_CONVERSION = YES;
				GCC_WARN_ABOUT_RETURN_TYPE = YES_ERROR;
				GCC_WARN_UNDECLARED_SELECTOR = YES;
				GCC_WARN_UNINITIALIZED_AUTOS = YES_AGGRESSIVE;
				GCC_WARN_UNUSED_FUNCTION = YES;
				GCC_WARN_UNUSED_VARIABLE = YES;
				IPHONEOS_DEPLOYMENT_TARGET = 9.2;
				MTL_ENABLE_DEBUG_INFO = NO;
				SDKROOT = iphoneos;
				VALIDATE_PRODUCT = YES;
			};
			name = Release;
		};
		42EDAE941CAD2C0E0016E0FD /* Debug */ = {
			isa = XCBuildConfiguration;
			buildSettings = {
				ASSETCATALOG_COMPILER_APPICON_NAME = AppIcon;
				INFOPLIST_FILE = OTEditableWebViewDemo/Info.plist;
				IPHONEOS_DEPLOYMENT_TARGET = 8.0;
				LD_RUNPATH_SEARCH_PATHS = "$(inherited) @executable_path/Frameworks";
				PRODUCT_BUNDLE_IDENTIFIER = twentyfileoclock.OTEditableWebViewDemo;
				PRODUCT_NAME = "$(TARGET_NAME)";
			};
			name = Debug;
		};
		42EDAE951CAD2C0E0016E0FD /* Release */ = {
			isa = XCBuildConfiguration;
			buildSettings = {
				ASSETCATALOG_COMPILER_APPICON_NAME = AppIcon;
				INFOPLIST_FILE = OTEditableWebViewDemo/Info.plist;
				IPHONEOS_DEPLOYMENT_TARGET = 8.0;
				LD_RUNPATH_SEARCH_PATHS = "$(inherited) @executable_path/Frameworks";
				PRODUCT_BUNDLE_IDENTIFIER = twentyfileoclock.OTEditableWebViewDemo;
				PRODUCT_NAME = "$(TARGET_NAME)";
			};
			name = Release;
		};
/* End XCBuildConfiguration section */

/* Begin XCConfigurationList section */
		42EDAE771CAD2C0E0016E0FD /* Build configuration list for PBXProject "OTEditableWebViewDemo" */ = {
			isa = XCConfigurationList;
			buildConfigurations = (
				42EDAE911CAD2C0E0016E0FD /* Debug */,
				42EDAE921CAD2C0E0016E0FD /* Release */,
			);
			defaultConfigurationIsVisible = 0;
			defaultConfigurationName = Release;
		};
		42EDAE931CAD2C0E0016E0FD /* Build configuration list for PBXNativeTarget "OTEditableWebViewDemo" */ = {
			isa = XCConfigurationList;
			buildConfigurations = (
				42EDAE941CAD2C0E0016E0FD /* Debug */,
				42EDAE951CAD2C0E0016E0FD /* Release */,
			);
			defaultConfigurationIsVisible = 0;
			defaultConfigurationName = Release;
		};
/* End XCConfigurationList section */
	};
	rootObject = 42EDAE741CAD2C0E0016E0FD /* Project object */;
}
